{
  "name": "@hard-to-build/cli-core",
  "version": "0.0.4",
  "lockfileVersion": 2,
  "requires": true,
  "packages": {
    "": {
      "name": "@hard-to-build/cli-core",
      "version": "0.0.3",
      "license": "ISC",
      "dependencies": {
        "@hard-to-build/cli-exec": "file:../exec",
        "@hard-to-build/cli-init": "file:../../command/init",
        "@hard-to-build/cli-log": "file:../../utils/log",
        "colors": "^1.4.0",
        "commander": "^9.0.0",
        "dotenv": "^14.3.0",
        "get-pkg-info": "file:../../utils/get-pkg-info",
        "import-local": "^3.1.0",
        "minimist": "^1.2.5",
        "path-exists": "^4.0.0",
        "pkg-dir": "^6.0.1",
        "root-check": "^1.0.0",
        "semver": "^7.3.5",
        "user-home": "^3.0.0"
      },
      "bin": {
        "my-cli": "bin/index.js"
      }
    },
    "../../command/init": {
      "name": "@hard-to-build/cli-init",
      "version": "0.0.3",
      "license": "ISC"
    },
    "../../utils/get-pkg-info": {
      "version": "0.0.3",
      "license": "ISC",
      "dependencies": {
        "axios": "^0.25.0",
        "semver": "^7.3.5",
        "url-join": "^4.0.1"
      }
    },
    "../../utils/log": {
      "name": "@hard-to-build/cli-log",
      "version": "0.0.3",
      "license": "ISC",
      "dependencies": {
        "npmlog": "^6.0.0"
      }
    },
    "../exec": {
      "name": "@hard-to-build/cli-exec",
      "version": "0.0.3",
      "license": "ISC",
      "dependencies": {
        "@hard-to-build/cli-package": "file:../../model/package"
      }
    },
    "node_modules/@hard-to-build/cli-exec": {
      "resolved": "../exec",
      "link": true
    },
    "node_modules/@hard-to-build/cli-init": {
      "resolved": "../../command/init",
      "link": true
    },
    "node_modules/@hard-to-build/cli-log": {
      "resolved": "../../utils/log",
      "link": true
    },
    "node_modules/ansi-regex": {
      "version": "2.1.1",
      "resolved": "https://registry.npmjs.org/ansi-regex/-/ansi-regex-2.1.1.tgz",
      "integrity": "sha1-w7M6te42DYbg5ijwRorn7yfWVN8=",
      "engines": {
        "node": ">=0.10.0"
      }
    },
    "node_modules/ansi-styles": {
      "version": "2.2.1",
      "resolved": "https://registry.npmjs.org/ansi-styles/-/ansi-styles-2.2.1.tgz",
      "integrity": "sha1-tDLdM1i2NM914eRmQ2gkBTPB3b4=",
      "engines": {
        "node": ">=0.10.0"
      }
    },
    "node_modules/chalk": {
      "version": "1.1.3",
      "resolved": "https://registry.npmjs.org/chalk/-/chalk-1.1.3.tgz",
      "integrity": "sha1-qBFcVeSnAv5NFQq9OHKCKn4J/Jg=",
      "dependencies": {
        "ansi-styles": "^2.2.1",
        "escape-string-regexp": "^1.0.2",
        "has-ansi": "^2.0.0",
        "strip-ansi": "^3.0.0",
        "supports-color": "^2.0.0"
      },
      "engines": {
        "node": ">=0.10.0"
      }
    },
    "node_modules/colors": {
      "version": "1.4.0",
      "resolved": "https://registry.npmjs.org/colors/-/colors-1.4.0.tgz",
      "integrity": "sha512-a+UqTh4kgZg/SlGvfbzDHpgRu7AAQOmmqRHJnxhRZICKFUT91brVhNNt58CMWU9PsBbv3PDCZUHbVxuDiH2mtA==",
      "engines": {
        "node": ">=0.1.90"
      }
    },
    "node_modules/commander": {
      "version": "9.0.0",
      "resolved": "https://registry.npmjs.org/commander/-/commander-9.0.0.tgz",
      "integrity": "sha512-JJfP2saEKbQqvW+FI93OYUB4ByV5cizMpFMiiJI8xDbBvQvSkIk0VvQdn1CZ8mqAO8Loq2h0gYTYtDFUZUeERw==",
      "engines": {
        "node": "^12.20.0 || >=14"
      }
    },
    "node_modules/default-uid": {
      "version": "1.0.0",
      "resolved": "https://registry.npmjs.org/default-uid/-/default-uid-1.0.0.tgz",
      "integrity": "sha1-/O+p359axAyJFtkS3R/hFGqjxZ4=",
      "engines": {
        "node": ">=0.10.0"
      }
    },
    "node_modules/dotenv": {
      "version": "14.3.0",
      "resolved": "https://registry.npmjs.org/dotenv/-/dotenv-14.3.0.tgz",
      "integrity": "sha512-PCTcOQSXVo9FI1dB7AichJXMEvmiGCq0gnCpjfDUc8505uR+2MeLXWe+Ue4PN5UXa2isHSa78sr7L59fk+2mnQ==",
      "engines": {
        "node": ">=12"
      }
    },
    "node_modules/downgrade-root": {
      "version": "1.2.2",
      "resolved": "https://registry.npmjs.org/downgrade-root/-/downgrade-root-1.2.2.tgz",
      "integrity": "sha1-UxMZcVsOgf/MIusoR4uidkPhLGw=",
      "dependencies": {
        "default-uid": "^1.0.0",
        "is-root": "^1.0.0"
      },
      "engines": {
        "node": ">=0.10.0"
      }
    },
    "node_modules/escape-string-regexp": {
      "version": "1.0.5",
      "resolved": "https://registry.npmjs.org/escape-string-regexp/-/escape-string-regexp-1.0.5.tgz",
      "integrity": "sha1-G2HAViGQqN/2rjuyzwIAyhMLhtQ=",
      "engines": {
        "node": ">=0.8.0"
      }
    },
    "node_modules/find-up": {
      "version": "6.2.0",
      "resolved": "https://registry.npmjs.org/find-up/-/find-up-6.2.0.tgz",
      "integrity": "sha512-yWHzMzXCaFoABSnFTCPKNFlYoq4mSga9QLRRKOCLSJ33hSkzROB14ITbAWW0QDQDyuzsPQ33S1DsOWQb/oW1yA==",
      "dependencies": {
        "locate-path": "^7.0.0",
        "path-exists": "^5.0.0"
      },
      "engines": {
        "node": "^12.20.0 || ^14.13.1 || >=16.0.0"
      },
      "funding": {
        "url": "https://github.com/sponsors/sindresorhus"
      }
    },
    "node_modules/find-up/node_modules/path-exists": {
      "version": "5.0.0",
      "resolved": "https://registry.npmjs.org/path-exists/-/path-exists-5.0.0.tgz",
      "integrity": "sha512-RjhtfwJOxzcFmNOi6ltcbcu4Iu+FL3zEj83dk4kAS+fVpTxXLO1b38RvJgT/0QwvV/L3aY9TAnyv0EOqW4GoMQ==",
      "engines": {
        "node": "^12.20.0 || ^14.13.1 || >=16.0.0"
      }
    },
    "node_modules/get-pkg-info": {
      "resolved": "../../utils/get-pkg-info",
      "link": true
    },
    "node_modules/has-ansi": {
      "version": "2.0.0",
      "resolved": "https://registry.npmjs.org/has-ansi/-/has-ansi-2.0.0.tgz",
      "integrity": "sha1-NPUEnOHs3ysGSa8+8k5F7TVBbZE=",
      "dependencies": {
        "ansi-regex": "^2.0.0"
      },
      "engines": {
        "node": ">=0.10.0"
      }
    },
    "node_modules/import-local": {
      "version": "3.1.0",
      "resolved": "https://registry.npmjs.org/import-local/-/import-local-3.1.0.tgz",
      "integrity": "sha512-ASB07uLtnDs1o6EHjKpX34BKYDSqnFerfTOJL2HvMqF70LnxpjkzDB8J44oT9pu4AMPkQwf8jl6szgvNd2tRIg==",
      "dependencies": {
        "pkg-dir": "^4.2.0",
        "resolve-cwd": "^3.0.0"
      },
      "bin": {
        "import-local-fixture": "fixtures/cli.js"
      },
      "engines": {
        "node": ">=8"
      },
      "funding": {
        "url": "https://github.com/sponsors/sindresorhus"
      }
    },
    "node_modules/import-local/node_modules/find-up": {
      "version": "4.1.0",
      "resolved": "https://registry.npmjs.org/find-up/-/find-up-4.1.0.tgz",
      "integrity": "sha512-PpOwAdQ/YlXQ2vj8a3h8IipDuYRi3wceVQQGYWxNINccq40Anw7BlsEXCMbt1Zt+OLA6Fq9suIpIWD0OsnISlw==",
      "dependencies": {
        "locate-path": "^5.0.0",
        "path-exists": "^4.0.0"
      },
      "engines": {
        "node": ">=8"
      }
    },
    "node_modules/import-local/node_modules/locate-path": {
      "version": "5.0.0",
      "resolved": "https://registry.npmjs.org/locate-path/-/locate-path-5.0.0.tgz",
      "integrity": "sha512-t7hw9pI+WvuwNJXwk5zVHpyhIqzg2qTlklJOf0mVxGSbe3Fp2VieZcduNYjaLDoy6p9uGpQEGWG87WpMKlNq8g==",
      "dependencies": {
        "p-locate": "^4.1.0"
      },
      "engines": {
        "node": ">=8"
      }
    },
    "node_modules/import-local/node_modules/p-limit": {
      "version": "2.3.0",
      "resolved": "https://registry.npmjs.org/p-limit/-/p-limit-2.3.0.tgz",
      "integrity": "sha512-//88mFWSJx8lxCzwdAABTJL2MyWB12+eIY7MDL2SqLmAkeKU9qxRvWuSyTjm3FUmpBEMuFfckAIqEaVGUDxb6w==",
      "dependencies": {
        "p-try": "^2.0.0"
      },
      "engines": {
        "node": ">=6"
      },
      "funding": {
        "url": "https://github.com/sponsors/sindresorhus"
      }
    },
    "node_modules/import-local/node_modules/p-locate": {
      "version": "4.1.0",
      "resolved": "https://registry.npmjs.org/p-locate/-/p-locate-4.1.0.tgz",
      "integrity": "sha512-R79ZZ/0wAxKGu3oYMlz8jy/kbhsNrS7SKZ7PxEHBgJ5+F2mtFW2fK2cOtBh1cHYkQsbzFV7I+EoRKe6Yt0oK7A==",
      "dependencies": {
        "p-limit": "^2.2.0"
      },
      "engines": {
        "node": ">=8"
      }
    },
    "node_modules/import-local/node_modules/pkg-dir": {
      "version": "4.2.0",
      "resolved": "https://registry.npmjs.org/pkg-dir/-/pkg-dir-4.2.0.tgz",
      "integrity": "sha512-HRDzbaKjC+AOWVXxAU/x54COGeIv9eb+6CkDSQoNTt4XyWoIJvuPsXizxu/Fr23EiekbtZwmh1IcIG/l/a10GQ==",
      "dependencies": {
        "find-up": "^4.0.0"
      },
      "engines": {
        "node": ">=8"
      }
    },
    "node_modules/is-docker": {
      "version": "1.1.0",
      "resolved": "https://registry.npmjs.org/is-docker/-/is-docker-1.1.0.tgz",
      "integrity": "sha1-8EN01O7lMQ6ajhE78UlUEeRhdqE=",
      "engines": {
        "node": ">=0.10.0"
      }
    },
    "node_modules/is-root": {
      "version": "1.0.0",
      "resolved": "https://registry.npmjs.org/is-root/-/is-root-1.0.0.tgz",
      "integrity": "sha1-B7bCM7w5TNnQK6FclmvWZg1jQtU=",
      "engines": {
        "node": ">=0.10.0"
      }
    },
    "node_modules/locate-path": {
      "version": "7.0.0",
      "resolved": "https://registry.npmjs.org/locate-path/-/locate-path-7.0.0.tgz",
      "integrity": "sha512-+cg2yXqDUKfo4hsFxwa3G1cBJeA+gs1vD8FyV9/odWoUlQe/4syxHQ5DPtKjtfm6gnKbZzjCqzX03kXosvZB1w==",
      "dependencies": {
        "p-locate": "^6.0.0"
      },
      "engines": {
        "node": "^12.20.0 || ^14.13.1 || >=16.0.0"
      },
      "funding": {
        "url": "https://github.com/sponsors/sindresorhus"
      }
    },
    "node_modules/lru-cache": {
      "version": "6.0.0",
      "resolved": "https://registry.npmjs.org/lru-cache/-/lru-cache-6.0.0.tgz",
      "integrity": "sha512-Jo6dJ04CmSjuznwJSS3pUeWmd/H0ffTlkXXgwZi+eq1UCmqQwCh+eLsYOYCwY991i2Fah4h1BEMCx4qThGbsiA==",
      "dependencies": {
        "yallist": "^4.0.0"
      },
      "engines": {
        "node": ">=10"
      }
    },
    "node_modules/minimist": {
      "version": "1.2.5",
      "resolved": "https://registry.npmjs.org/minimist/-/minimist-1.2.5.tgz",
      "integrity": "sha512-FM9nNUYrRBAELZQT3xeZQ7fmMOBg6nWNmJKTcgsJeaLstP/UODVpGsr5OhXhhXg6f+qtJ8uiZ+PUxkDWcgIXLw=="
    },
    "node_modules/os-homedir": {
      "version": "1.0.2",
      "resolved": "https://registry.npmjs.org/os-homedir/-/os-homedir-1.0.2.tgz",
      "integrity": "sha1-/7xJiDNuDoM94MFox+8VISGqf7M=",
      "engines": {
        "node": ">=0.10.0"
      }
    },
    "node_modules/p-limit": {
      "version": "4.0.0",
      "resolved": "https://registry.npmjs.org/p-limit/-/p-limit-4.0.0.tgz",
      "integrity": "sha512-5b0R4txpzjPWVw/cXXUResoD4hb6U/x9BH08L7nw+GN1sezDzPdxeRvpc9c433fZhBan/wusjbCsqwqm4EIBIQ==",
      "dependencies": {
        "yocto-queue": "^1.0.0"
      },
      "engines": {
        "node": "^12.20.0 || ^14.13.1 || >=16.0.0"
      },
      "funding": {
        "url": "https://github.com/sponsors/sindresorhus"
      }
    },
    "node_modules/p-locate": {
      "version": "6.0.0",
      "resolved": "https://registry.npmjs.org/p-locate/-/p-locate-6.0.0.tgz",
      "integrity": "sha512-wPrq66Llhl7/4AGC6I+cqxT07LhXvWL08LNXz1fENOw0Ap4sRZZ/gZpTTJ5jpurzzzfS2W/Ge9BY3LgLjCShcw==",
      "dependencies": {
        "p-limit": "^4.0.0"
      },
      "engines": {
        "node": "^12.20.0 || ^14.13.1 || >=16.0.0"
      },
      "funding": {
        "url": "https://github.com/sponsors/sindresorhus"
      }
    },
    "node_modules/p-try": {
      "version": "2.2.0",
      "resolved": "https://registry.npmjs.org/p-try/-/p-try-2.2.0.tgz",
      "integrity": "sha512-R4nPAVTAU0B9D35/Gk3uJf/7XYbQcyohSKdvAxIRSNghFl4e71hVoGnBNQz9cWaXxO2I10KTC+3jMdvvoKw6dQ==",
      "engines": {
        "node": ">=6"
      }
    },
    "node_modules/path-exists": {
      "version": "4.0.0",
      "resolved": "https://registry.npmjs.org/path-exists/-/path-exists-4.0.0.tgz",
      "integrity": "sha512-ak9Qy5Q7jYb2Wwcey5Fpvg2KoAc/ZIhLSLOSBmRmygPsGwkVVt0fZa0qrtMz+m6tJTAHfZQ8FnmB4MG4LWy7/w==",
      "engines": {
        "node": ">=8"
      }
    },
    "node_modules/pkg-dir": {
      "version": "6.0.1",
      "resolved": "https://registry.npmjs.org/pkg-dir/-/pkg-dir-6.0.1.tgz",
      "integrity": "sha512-C9R+PTCKGA32HG0n5I4JMYkdLL58ZpayVuncQHQrGeKa8o26A4o2x0u6BKekHG+Au0jv5ZW7Xfq1Cj6lm9Ag4w==",
      "dependencies": {
        "find-up": "^6.1.0"
      },
      "engines": {
        "node": "^12.20.0 || ^14.13.1 || >=16.0.0"
      },
      "funding": {
        "url": "https://github.com/sponsors/sindresorhus"
      }
    },
    "node_modules/resolve-cwd": {
      "version": "3.0.0",
      "resolved": "https://registry.npmjs.org/resolve-cwd/-/resolve-cwd-3.0.0.tgz",
      "integrity": "sha512-OrZaX2Mb+rJCpH/6CpSqt9xFVpN++x01XnN2ie9g6P5/3xelLAkXWVADpdz1IHD/KFfEXyE6V0U01OQ3UO2rEg==",
      "dependencies": {
        "resolve-from": "^5.0.0"
      },
      "engines": {
        "node": ">=8"
      }
    },
    "node_modules/resolve-from": {
      "version": "5.0.0",
      "resolved": "https://registry.npmjs.org/resolve-from/-/resolve-from-5.0.0.tgz",
      "integrity": "sha512-qYg9KP24dD5qka9J47d0aVky0N+b4fTU89LN9iDnjB5waksiC49rvMB0PrUJQGoTmH50XPiqOvAjDfaijGxYZw==",
      "engines": {
        "node": ">=8"
      }
    },
    "node_modules/root-check": {
      "version": "1.0.0",
      "resolved": "https://registry.npmjs.org/root-check/-/root-check-1.0.0.tgz",
      "integrity": "sha1-xSp5S/Dbn61WdTbkGJjwyeCoZpc=",
      "dependencies": {
        "downgrade-root": "^1.0.0",
        "sudo-block": "^1.1.0"
      },
      "engines": {
        "node": ">=0.10.0"
      }
    },
    "node_modules/semver": {
      "version": "7.3.5",
      "resolved": "https://registry.npmjs.org/semver/-/semver-7.3.5.tgz",
      "integrity": "sha512-PoeGJYh8HK4BTO/a9Tf6ZG3veo/A7ZVsYrSA6J8ny9nb3B1VrpkuN+z9OE5wfE5p6H4LchYZsegiQgbJD94ZFQ==",
      "dependencies": {
        "lru-cache": "^6.0.0"
      },
      "bin": {
        "semver": "bin/semver.js"
      },
      "engines": {
        "node": ">=10"
      }
    },
    "node_modules/strip-ansi": {
      "version": "3.0.1",
      "resolved": "https://registry.npmjs.org/strip-ansi/-/strip-ansi-3.0.1.tgz",
      "integrity": "sha1-ajhfuIU9lS1f8F0Oiq+UJ43GPc8=",
      "dependencies": {
        "ansi-regex": "^2.0.0"
      },
      "engines": {
        "node": ">=0.10.0"
      }
    },
    "node_modules/sudo-block": {
      "version": "1.2.0",
      "resolved": "https://registry.npmjs.org/sudo-block/-/sudo-block-1.2.0.tgz",
      "integrity": "sha1-zFOb+BkWJNT1B9g+60W0zqJ/NGM=",
      "dependencies": {
        "chalk": "^1.0.0",
        "is-docker": "^1.0.0",
        "is-root": "^1.0.0"
      },
      "engines": {
        "node": ">=0.10.0"
      }
    },
    "node_modules/supports-color": {
      "version": "2.0.0",
      "resolved": "https://registry.npmjs.org/supports-color/-/supports-color-2.0.0.tgz",
      "integrity": "sha1-U10EXOa2Nj+kARcIRimZXp3zJMc=",
      "engines": {
        "node": ">=0.8.0"
      }
    },
    "node_modules/user-home": {
      "version": "3.0.0",
      "resolved": "https://registry.npmjs.org/user-home/-/user-home-3.0.0.tgz",
      "integrity": "sha512-kHp9sWxeB+EVTcVytDrGLVKgVVN1LoLiIZTwCDcvYNjIu9q7tUOXZoTv0mXjmvFvUju4J9v+RkFGHdTMx8ncmQ==",
      "deprecated": "Deprecated. Just use `import {homedir} from os;`.",
      "dependencies": {
        "os-homedir": "^1.0.0"
      },
      "engines": {
        "node": ">=0.10.0"
      }
    },
    "node_modules/yallist": {
      "version": "4.0.0",
      "resolved": "https://registry.npmjs.org/yallist/-/yallist-4.0.0.tgz",
      "integrity": "sha512-3wdGidZyq5PB084XLES5TpOSRA3wjXAlIWMhum2kRcv/41Sn2emQ0dycQW4uZXLejwKvg6EsvbdlVL+FYEct7A=="
    },
    "node_modules/yocto-queue": {
      "version": "1.0.0",
      "resolved": "https://registry.npmjs.org/yocto-queue/-/yocto-queue-1.0.0.tgz",
      "integrity": "sha512-9bnSc/HEW2uRy67wc+T8UwauLuPJVn28jb+GtJY16iiKWyvmYJRXVT4UamsAEGQfPohgr2q4Tq0sQbQlxTfi1g==",
      "engines": {
        "node": ">=12.20"
      },
      "funding": {
        "url": "https://github.com/sponsors/sindresorhus"
      }
    }
  },
  "dependencies": {
    "@hard-to-build/cli-exec": {
      "version": "file:../exec",
      "requires": {
        "@hard-to-build/cli-package": "file:../../model/package"
      }
    },
    "@hard-to-build/cli-init": {
      "version": "file:../../command/init"
    },
    "@hard-to-build/cli-log": {
      "version": "file:../../utils/log",
      "requires": {
        "npmlog": "^6.0.0"
      }
    },
    "ansi-regex": {
      "version": "2.1.1",
      "resolved": "https://registry.npmjs.org/ansi-regex/-/ansi-regex-2.1.1.tgz",
      "integrity": "sha1-w7M6te42DYbg5ijwRorn7yfWVN8="
    },
    "ansi-styles": {
      "version": "2.2.1",
      "resolved": "https://registry.npmjs.org/ansi-styles/-/ansi-styles-2.2.1.tgz",
      "integrity": "sha1-tDLdM1i2NM914eRmQ2gkBTPB3b4="
    },
    "chalk": {
      "version": "1.1.3",
      "resolved": "https://registry.npmjs.org/chalk/-/chalk-1.1.3.tgz",
      "integrity": "sha1-qBFcVeSnAv5NFQq9OHKCKn4J/Jg=",
      "requires": {
        "ansi-styles": "^2.2.1",
        "escape-string-regexp": "^1.0.2",
        "has-ansi": "^2.0.0",
        "strip-ansi": "^3.0.0",
        "supports-color": "^2.0.0"
      }
    },
    "colors": {
      "version": "1.4.0",
      "resolved": "https://registry.npmjs.org/colors/-/colors-1.4.0.tgz",
      "integrity": "sha512-a+UqTh4kgZg/SlGvfbzDHpgRu7AAQOmmqRHJnxhRZICKFUT91brVhNNt58CMWU9PsBbv3PDCZUHbVxuDiH2mtA=="
    },
    "commander": {
      "version": "9.0.0",
      "resolved": "https://registry.npmjs.org/commander/-/commander-9.0.0.tgz",
      "integrity": "sha512-JJfP2saEKbQqvW+FI93OYUB4ByV5cizMpFMiiJI8xDbBvQvSkIk0VvQdn1CZ8mqAO8Loq2h0gYTYtDFUZUeERw=="
    },
    "default-uid": {
      "version": "1.0.0",
      "resolved": "https://registry.npmjs.org/default-uid/-/default-uid-1.0.0.tgz",
      "integrity": "sha1-/O+p359axAyJFtkS3R/hFGqjxZ4="
    },
    "dotenv": {
      "version": "14.3.0",
      "resolved": "https://registry.npmjs.org/dotenv/-/dotenv-14.3.0.tgz",
      "integrity": "sha512-PCTcOQSXVo9FI1dB7AichJXMEvmiGCq0gnCpjfDUc8505uR+2MeLXWe+Ue4PN5UXa2isHSa78sr7L59fk+2mnQ=="
    },
    "downgrade-root": {
      "version": "1.2.2",
      "resolved": "https://registry.npmjs.org/downgrade-root/-/downgrade-root-1.2.2.tgz",
      "integrity": "sha1-UxMZcVsOgf/MIusoR4uidkPhLGw=",
      "requires": {
        "default-uid": "^1.0.0",
        "is-root": "^1.0.0"
      }
    },
    "escape-string-regexp": {
      "version": "1.0.5",
      "resolved": "https://registry.npmjs.org/escape-string-regexp/-/escape-string-regexp-1.0.5.tgz",
      "integrity": "sha1-G2HAViGQqN/2rjuyzwIAyhMLhtQ="
    },
    "find-up": {
      "version": "6.2.0",
      "resolved": "https://registry.npmjs.org/find-up/-/find-up-6.2.0.tgz",
      "integrity": "sha512-yWHzMzXCaFoABSnFTCPKNFlYoq4mSga9QLRRKOCLSJ33hSkzROB14ITbAWW0QDQDyuzsPQ33S1DsOWQb/oW1yA==",
      "requires": {
        "locate-path": "^7.0.0",
        "path-exists": "^5.0.0"
      },
      "dependencies": {
        "path-exists": {
          "version": "5.0.0",
          "resolved": "https://registry.npmjs.org/path-exists/-/path-exists-5.0.0.tgz",
          "integrity": "sha512-RjhtfwJOxzcFmNOi6ltcbcu4Iu+FL3zEj83dk4kAS+fVpTxXLO1b38RvJgT/0QwvV/L3aY9TAnyv0EOqW4GoMQ=="
        }
      }
    },
    "get-pkg-info": {
      "version": "file:../../utils/get-pkg-info",
      "requires": {
        "axios": "^0.25.0",
        "semver": "^7.3.5",
        "url-join": "^4.0.1"
      }
    },
    "has-ansi": {
      "version": "2.0.0",
      "resolved": "https://registry.npmjs.org/has-ansi/-/has-ansi-2.0.0.tgz",
      "integrity": "sha1-NPUEnOHs3ysGSa8+8k5F7TVBbZE=",
      "requires": {
        "ansi-regex": "^2.0.0"
      }
    },
    "import-local": {
      "version": "3.1.0",
      "resolved": "https://registry.npmjs.org/import-local/-/import-local-3.1.0.tgz",
      "integrity": "sha512-ASB07uLtnDs1o6EHjKpX34BKYDSqnFerfTOJL2HvMqF70LnxpjkzDB8J44oT9pu4AMPkQwf8jl6szgvNd2tRIg==",
      "requires": {
        "pkg-dir": "^4.2.0",
        "resolve-cwd": "^3.0.0"
      },
      "dependencies": {
        "find-up": {
          "version": "4.1.0",
          "resolved": "https://registry.npmjs.org/find-up/-/find-up-4.1.0.tgz",
          "integrity": "sha512-PpOwAdQ/YlXQ2vj8a3h8IipDuYRi3wceVQQGYWxNINccq40Anw7BlsEXCMbt1Zt+OLA6Fq9suIpIWD0OsnISlw==",
          "requires": {
            "locate-path": "^5.0.0",
            "path-exists": "^4.0.0"
          }
        },
        "locate-path": {
          "version": "5.0.0",
          "resolved": "https://registry.npmjs.org/locate-path/-/locate-path-5.0.0.tgz",
          "integrity": "sha512-t7hw9pI+WvuwNJXwk5zVHpyhIqzg2qTlklJOf0mVxGSbe3Fp2VieZcduNYjaLDoy6p9uGpQEGWG87WpMKlNq8g==",
          "requires": {
            "p-locate": "^4.1.0"
          }
        },
        "p-limit": {
          "version": "2.3.0",
          "resolved": "https://registry.npmjs.org/p-limit/-/p-limit-2.3.0.tgz",
          "integrity": "sha512-//88mFWSJx8lxCzwdAABTJL2MyWB12+eIY7MDL2SqLmAkeKU9qxRvWuSyTjm3FUmpBEMuFfckAIqEaVGUDxb6w==",
          "requires": {
            "p-try": "^2.0.0"
          }
        },
        "p-locate": {
          "version": "4.1.0",
          "resolved": "https://registry.npmjs.org/p-locate/-/p-locate-4.1.0.tgz",
          "integrity": "sha512-R79ZZ/0wAxKGu3oYMlz8jy/kbhsNrS7SKZ7PxEHBgJ5+F2mtFW2fK2cOtBh1cHYkQsbzFV7I+EoRKe6Yt0oK7A==",
          "requires": {
            "p-limit": "^2.2.0"
          }
        },
        "pkg-dir": {
          "version": "4.2.0",
          "resolved": "https://registry.npmjs.org/pkg-dir/-/pkg-dir-4.2.0.tgz",
          "integrity": "sha512-HRDzbaKjC+AOWVXxAU/x54COGeIv9eb+6CkDSQoNTt4XyWoIJvuPsXizxu/Fr23EiekbtZwmh1IcIG/l/a10GQ==",
          "requires": {
            "find-up": "^4.0.0"
          }
        }
      }
    },
    "is-docker": {
      "version": "1.1.0",
      "resolved": "https://registry.npmjs.org/is-docker/-/is-docker-1.1.0.tgz",
      "integrity": "sha1-8EN01O7lMQ6ajhE78UlUEeRhdqE="
    },
    "is-root": {
      "version": "1.0.0",
      "resolved": "https://registry.npmjs.org/is-root/-/is-root-1.0.0.tgz",
      "integrity": "sha1-B7bCM7w5TNnQK6FclmvWZg1jQtU="
    },
    "locate-path": {
      "version": "7.0.0",
      "resolved": "https://registry.npmjs.org/locate-path/-/locate-path-7.0.0.tgz",
      "integrity": "sha512-+cg2yXqDUKfo4hsFxwa3G1cBJeA+gs1vD8FyV9/odWoUlQe/4syxHQ5DPtKjtfm6gnKbZzjCqzX03kXosvZB1w==",
      "requires": {
        "p-locate": "^6.0.0"
      }
    },
    "lru-cache": {
      "version": "6.0.0",
      "resolved": "https://registry.npmjs.org/lru-cache/-/lru-cache-6.0.0.tgz",
      "integrity": "sha512-Jo6dJ04CmSjuznwJSS3pUeWmd/H0ffTlkXXgwZi+eq1UCmqQwCh+eLsYOYCwY991i2Fah4h1BEMCx4qThGbsiA==",
      "requires": {
        "yallist": "^4.0.0"
      }
    },
    "minimist": {
      "version": "1.2.5",
      "resolved": "https://registry.npmjs.org/minimist/-/minimist-1.2.5.tgz",
      "integrity": "sha512-FM9nNUYrRBAELZQT3xeZQ7fmMOBg6nWNmJKTcgsJeaLstP/UODVpGsr5OhXhhXg6f+qtJ8uiZ+PUxkDWcgIXLw=="
    },
    "os-homedir": {
      "version": "1.0.2",
      "resolved": "https://registry.npmjs.org/os-homedir/-/os-homedir-1.0.2.tgz",
      "integrity": "sha1-/7xJiDNuDoM94MFox+8VISGqf7M="
    },
    "p-limit": {
      "version": "4.0.0",
      "resolved": "https://registry.npmjs.org/p-limit/-/p-limit-4.0.0.tgz",
      "integrity": "sha512-5b0R4txpzjPWVw/cXXUResoD4hb6U/x9BH08L7nw+GN1sezDzPdxeRvpc9c433fZhBan/wusjbCsqwqm4EIBIQ==",
      "requires": {
        "yocto-queue": "^1.0.0"
      }
    },
    "p-locate": {
      "version": "6.0.0",
      "resolved": "https://registry.npmjs.org/p-locate/-/p-locate-6.0.0.tgz",
      "integrity": "sha512-wPrq66Llhl7/4AGC6I+cqxT07LhXvWL08LNXz1fENOw0Ap4sRZZ/gZpTTJ5jpurzzzfS2W/Ge9BY3LgLjCShcw==",
      "requires": {
        "p-limit": "^4.0.0"
      }
    },
    "p-try": {
      "version": "2.2.0",
      "resolved": "https://registry.npmjs.org/p-try/-/p-try-2.2.0.tgz",
      "integrity": "sha512-R4nPAVTAU0B9D35/Gk3uJf/7XYbQcyohSKdvAxIRSNghFl4e71hVoGnBNQz9cWaXxO2I10KTC+3jMdvvoKw6dQ=="
    },
    "path-exists": {
      "version": "4.0.0",
      "resolved": "https://registry.npmjs.org/path-exists/-/path-exists-4.0.0.tgz",
      "integrity": "sha512-ak9Qy5Q7jYb2Wwcey5Fpvg2KoAc/ZIhLSLOSBmRmygPsGwkVVt0fZa0qrtMz+m6tJTAHfZQ8FnmB4MG4LWy7/w=="
    },
    "pkg-dir": {
      "version": "6.0.1",
      "resolved": "https://registry.npmjs.org/pkg-dir/-/pkg-dir-6.0.1.tgz",
      "integrity": "sha512-C9R+PTCKGA32HG0n5I4JMYkdLL58ZpayVuncQHQrGeKa8o26A4o2x0u6BKekHG+Au0jv5ZW7Xfq1Cj6lm9Ag4w==",
      "requires": {
        "find-up": "^6.1.0"
      }
    },
    "resolve-cwd": {
      "version": "3.0.0",
      "resolved": "https://registry.npmjs.org/resolve-cwd/-/resolve-cwd-3.0.0.tgz",
      "integrity": "sha512-OrZaX2Mb+rJCpH/6CpSqt9xFVpN++x01XnN2ie9g6P5/3xelLAkXWVADpdz1IHD/KFfEXyE6V0U01OQ3UO2rEg==",
      "requires": {
        "resolve-from": "^5.0.0"
      }
    },
    "resolve-from": {
      "version": "5.0.0",
      "resolved": "https://registry.npmjs.org/resolve-from/-/resolve-from-5.0.0.tgz",
      "integrity": "sha512-qYg9KP24dD5qka9J47d0aVky0N+b4fTU89LN9iDnjB5waksiC49rvMB0PrUJQGoTmH50XPiqOvAjDfaijGxYZw=="
    },
    "root-check": {
      "version": "1.0.0",
      "resolved": "https://registry.npmjs.org/root-check/-/root-check-1.0.0.tgz",
      "integrity": "sha1-xSp5S/Dbn61WdTbkGJjwyeCoZpc=",
      "requires": {
        "downgrade-root": "^1.0.0",
        "sudo-block": "^1.1.0"
      }
    },
    "semver": {
      "version": "7.3.5",
      "resolved": "https://registry.npmjs.org/semver/-/semver-7.3.5.tgz",
      "integrity": "sha512-PoeGJYh8HK4BTO/a9Tf6ZG3veo/A7ZVsYrSA6J8ny9nb3B1VrpkuN+z9OE5wfE5p6H4LchYZsegiQgbJD94ZFQ==",
      "requires": {
        "lru-cache": "^6.0.0"
      }
    },
    "strip-ansi": {
      "version": "3.0.1",
      "resolved": "https://registry.npmjs.org/strip-ansi/-/strip-ansi-3.0.1.tgz",
      "integrity": "sha1-ajhfuIU9lS1f8F0Oiq+UJ43GPc8=",
      "requires": {
        "ansi-regex": "^2.0.0"
      }
    },
    "sudo-block": {
      "version": "1.2.0",
      "resolved": "https://registry.npmjs.org/sudo-block/-/sudo-block-1.2.0.tgz",
      "integrity": "sha1-zFOb+BkWJNT1B9g+60W0zqJ/NGM=",
      "requires": {
        "chalk": "^1.0.0",
        "is-docker": "^1.0.0",
        "is-root": "^1.0.0"
      }
    },
    "supports-color": {
      "version": "2.0.0",
      "resolved": "https://registry.npmjs.org/supports-color/-/supports-color-2.0.0.tgz",
      "integrity": "sha1-U10EXOa2Nj+kARcIRimZXp3zJMc="
    },
    "user-home": {
      "version": "3.0.0",
      "resolved": "https://registry.npmjs.org/user-home/-/user-home-3.0.0.tgz",
      "integrity": "sha512-kHp9sWxeB+EVTcVytDrGLVKgVVN1LoLiIZTwCDcvYNjIu9q7tUOXZoTv0mXjmvFvUju4J9v+RkFGHdTMx8ncmQ==",
      "requires": {
        "os-homedir": "^1.0.0"
      }
    },
    "yallist": {
      "version": "4.0.0",
      "resolved": "https://registry.npmjs.org/yallist/-/yallist-4.0.0.tgz",
      "integrity": "sha512-3wdGidZyq5PB084XLES5TpOSRA3wjXAlIWMhum2kRcv/41Sn2emQ0dycQW4uZXLejwKvg6EsvbdlVL+FYEct7A=="
    },
    "yocto-queue": {
      "version": "1.0.0",
      "resolved": "https://registry.npmjs.org/yocto-queue/-/yocto-queue-1.0.0.tgz",
      "integrity": "sha512-9bnSc/HEW2uRy67wc+T8UwauLuPJVn28jb+GtJY16iiKWyvmYJRXVT4UamsAEGQfPohgr2q4Tq0sQbQlxTfi1g=="
    }
  }
}
