{
  "name": "@hard-to-build/cli-exec",
  "version": "0.0.3",
  "lockfileVersion": 2,
  "requires": true,
  "packages": {
    "": {
      "name": "@hard-to-build/cli-exec",
      "version": "0.0.3",
      "license": "ISC",
      "dependencies": {
        "@hard-to-build/cli-package": "file:../../model/package"
      }
    },
    "../../model/package": {
      "version": "0.0.3",
      "license": "ISC"
    },
    "node_modules/@hard-to-build/cli-package": {
      "resolved": "../../model/package",
      "link": true
    }
  },
  "dependencies": {
    "@hard-to-build/cli-package": {
      "version": "file:../../model/package"
    }
  }
}
