{
  "name": "@hard-to-build/cli-exec",
  "version": "0.0.5",
  "lockfileVersion": 2,
  "requires": true,
  "packages": {
    "": {
      "name": "@hard-to-build/cli-exec",
      "version": "0.0.4",
      "license": "ISC",
      "dependencies": {
        "@hard-to-build/cli-log": "file:../../utils/log",
        "@hard-to-build/cli-package": "file:../../models/package"
      }
    },
    "../../model/package": {
      "name": "@hard-to-build/cli-package",
      "version": "0.0.3",
      "extraneous": true,
      "license": "ISC",
      "dependencies": {
        "@hard-to-build/cli-utils": "file:../../utils/utils",
        "npminstall": "^5.4.0",
        "pkg-dir": "^5.0.0"
      }
    },
    "../../models/package": {
      "version": "0.0.3",
      "license": "ISC",
      "dependencies": {
        "@hard-to-build/cli-utils": "file:../../utils/utils",
        "npminstall": "^5.4.0",
        "pkg-dir": "^5.0.0"
      }
    },
    "../../utils/log": {
      "name": "@hard-to-build/cli-log",
      "version": "0.0.4",
      "license": "ISC",
      "dependencies": {
        "npmlog": "^6.0.0"
      }
    },
    "node_modules/@hard-to-build/cli-log": {
      "resolved": "../../utils/log",
      "link": true
    },
    "node_modules/@hard-to-build/cli-package": {
      "resolved": "../../models/package",
      "link": true
    }
  },
  "dependencies": {
    "@hard-to-build/cli-log": {
      "version": "file:../../utils/log",
      "requires": {
        "npmlog": "^6.0.0"
      }
    },
    "@hard-to-build/cli-package": {
      "version": "file:../../models/package",
      "requires": {
        "@hard-to-build/cli-utils": "file:../../utils/utils",
        "npminstall": "^5.4.0",
        "pkg-dir": "^5.0.0"
      }
    }
  }
}
